
Microsoft Visual Studio Solution File, Format Version 12.00
# Visual Studio Version 17
VisualStudioVersion = 17.7.34009.444
MinimumVisualStudioVersion = 10.0.40219.1
Project("{FAE04EC0-301F-11D3-BF4B-00C04F79EFBC}") = "Switch_uzduotis1", "Switch_uzduotis1.csproj", "{4DB2D030-67AC-4E1B-8398-5D81AFB26E15}"
EndProject
Global
	GlobalSection(SolutionConfigurationPlatforms) = preSolution
		Debug|Any CPU = Debug|Any CPU
		Release|Any CPU = Release|Any CPU
	EndGlobalSection
	GlobalSection(ProjectConfigurationPlatforms) = postSolution
		{4DB2D030-67AC-4E1B-8398-5D81AFB26E15}.Debug|Any CPU.ActiveCfg = Debug|Any CPU
		{4DB2D030-67AC-4E1B-8398-5D81AFB26E15}.Debug|Any CPU.Build.0 = Debug|Any CPU
		{4DB2D030-67AC-4E1B-8398-5D81AFB26E15}.Release|Any CPU.ActiveCfg = Release|Any CPU
		{4DB2D030-67AC-4E1B-8398-5D81AFB26E15}.Release|Any CPU.Build.0 = Release|Any CPU
	EndGlobalSection
	GlobalSection(SolutionProperties) = preSolution
		HideSolutionNode = FALSE
	EndGlobalSection
	GlobalSection(ExtensibilityGlobals) = postSolution
		SolutionGuid = {60DE71F2-3B59-469E-A660-33169386EDAC}
	EndGlobalSection
EndGlobal
